$ANSIBLE_VAULT;1.1;AES256
63343132386637646361303865333263616235636430353664383336306463653435323033373831
3431623939383839346562316138383463343135363062630a346465626565626232663136336663
38613864666332616263353362393134636633326239326530363537666566396630343366356137
3665353732643164390a376365633166613062396431363438316335636366306665626232653736
39373835666435656465366436653364633735366339386432653331366433323936
